// !$*UTF8*$!
{
	archiveVersion = 1;
	classes = {
	};
	objectVersion = 56;
	objects = {

/* Begin PBXBuildFile section */
		9B2270222966FCBD0044E6DF /* ResultPoint+CoreDataClass.swift in Sources */ = {isa = PBXBuildFile; fileRef = 9B2270202966FCBD0044E6DF /* ResultPoint+CoreDataClass.swift */; };
		9B2270232966FCBD0044E6DF /* ResultPoint+CoreDataProperties.swift in Sources */ = {isa = PBXBuildFile; fileRef = 9B2270212966FCBD0044E6DF /* ResultPoint+CoreDataProperties.swift */; };
		9B227027296702BC0044E6DF /* CoreDataManager.swift in Sources */ = {isa = PBXBuildFile; fileRef = 9B227026296702BC0044E6DF /* CoreDataManager.swift */; };
		9BA535392965C5FC00C5F2DB /* AppDelegate.swift in Sources */ = {isa = PBXBuildFile; fileRef = 9BA535382965C5FC00C5F2DB /* AppDelegate.swift */; };
		9BA5353B2965C5FC00C5F2DB /* SceneDelegate.swift in Sources */ = {isa = PBXBuildFile; fileRef = 9BA5353A2965C5FC00C5F2DB /* SceneDelegate.swift */; };
		9BA5353D2965C5FC00C5F2DB /* ViewController.swift in Sources */ = {isa = PBXBuildFile; fileRef = 9BA5353C2965C5FC00C5F2DB /* ViewController.swift */; };
		9BA535402965C5FC00C5F2DB /* Main.storyboard in Resources */ = {isa = PBXBuildFile; fileRef = 9BA5353E2965C5FC00C5F2DB /* Main.storyboard */; };
		9BA535432965C5FC00C5F2DB /* ArcheryPoints.xcdatamodeld in Sources */ = {isa = PBXBuildFile; fileRef = 9BA535412965C5FC00C5F2DB /* ArcheryPoints.xcdatamodeld */; };
		9BA535452965C5FD00C5F2DB /* Assets.xcassets in Resources */ = {isa = PBXBuildFile; fileRef = 9BA535442965C5FD00C5F2DB /* Assets.xcassets */; };
		9BA535482965C5FD00C5F2DB /* LaunchScreen.storyboard in Resources */ = {isa = PBXBuildFile; fileRef = 9BA535462965C5FD00C5F2DB /* LaunchScreen.storyboard */; };
/* End PBXBuildFile section */

/* Begin PBXFileReference section */
		9B2270202966FCBD0044E6DF /* ResultPoint+CoreDataClass.swift */ = {isa = PBXFileReference; lastKnownFileType = sourcecode.swift; path = "ResultPoint+CoreDataClass.swift"; sourceTree = "<group>"; };
		9B2270212966FCBD0044E6DF /* ResultPoint+CoreDataProperties.swift */ = {isa = PBXFileReference; lastKnownFileType = sourcecode.swift; path = "ResultPoint+CoreDataProperties.swift"; sourceTree = "<group>"; };
		9B227026296702BC0044E6DF /* CoreDataManager.swift */ = {isa = PBXFileReference; lastKnownFileType = sourcecode.swift; path = CoreDataManager.swift; sourceTree = "<group>"; };
		9BA535352965C5FC00C5F2DB /* ArcheryPoints.app */ = {isa = PBXFileReference; explicitFileType = wrapper.application; includeInIndex = 0; path = ArcheryPoints.app; sourceTree = BUILT_PRODUCTS_DIR; };
		9BA535382965C5FC00C5F2DB /* AppDelegate.swift */ = {isa = PBXFileReference; lastKnownFileType = sourcecode.swift; path = AppDelegate.swift; sourceTree = "<group>"; };
		9BA5353A2965C5FC00C5F2DB /* SceneDelegate.swift */ = {isa = PBXFileReference; lastKnownFileType = sourcecode.swift; path = SceneDelegate.swift; sourceTree = "<group>"; };
		9BA5353C2965C5FC00C5F2DB /* ViewController.swift */ = {isa = PBXFileReference; lastKnownFileType = sourcecode.swift; path = ViewController.swift; sourceTree = "<group>"; };
		9BA5353F2965C5FC00C5F2DB /* Base */ = {isa = PBXFileReference; lastKnownFileType = file.storyboard; name = Base; path = Base.lproj/Main.storyboard; sourceTree = "<group>"; };
		9BA535422965C5FC00C5F2DB /* ArcheryPoints.xcdatamodel */ = {isa = PBXFileReference; lastKnownFileType = wrapper.xcdatamodel; path = ArcheryPoints.xcdatamodel; sourceTree = "<group>"; };
		9BA535442965C5FD00C5F2DB /* Assets.xcassets */ = {isa = PBXFileReference; lastKnownFileType = folder.assetcatalog; path = Assets.xcassets; sourceTree = "<group>"; };
		9BA535472965C5FD00C5F2DB /* Base */ = {isa = PBXFileReference; lastKnownFileType = file.storyboard; name = Base; path = Base.lproj/LaunchScreen.storyboard; sourceTree = "<group>"; };
		9BA535492965C5FD00C5F2DB /* Info.plist */ = {isa = PBXFileReference; lastKnownFileType = text.plist.xml; path = Info.plist; sourceTree = "<group>"; };
/* End PBXFileReference section */

/* Begin PBXFrameworksBuildPhase section */
		9BA535322965C5FC00C5F2DB /* Frameworks */ = {
			isa = PBXFrameworksBuildPhase;
			buildActionMask = 2147483647;
			files = (
			);
			runOnlyForDeploymentPostprocessing = 0;
		};
/* End PBXFrameworksBuildPhase section */

/* Begin PBXGroup section */
		9B2270242967023F0044E6DF /* Entity */ = {
			isa = PBXGroup;
			children = (
				9B2270202966FCBD0044E6DF /* ResultPoint+CoreDataClass.swift */,
				9B2270212966FCBD0044E6DF /* ResultPoint+CoreDataProperties.swift */,
			);
			path = Entity;
			sourceTree = "<group>";
		};
		9B2270252967024D0044E6DF /* Model */ = {
			isa = PBXGroup;
			children = (
				9B227026296702BC0044E6DF /* CoreDataManager.swift */,
				9B2270242967023F0044E6DF /* Entity */,
			);
			path = Model;
			sourceTree = "<group>";
		};
		9BA5352C2965C5FC00C5F2DB = {
			isa = PBXGroup;
			children = (
				9B2270252967024D0044E6DF /* Model */,
				9BA535372965C5FC00C5F2DB /* ArcheryPoints */,
				9BA535362965C5FC00C5F2DB /* Products */,
			);
			sourceTree = "<group>";
		};
		9BA535362965C5FC00C5F2DB /* Products */ = {
			isa = PBXGroup;
			children = (
				9BA535352965C5FC00C5F2DB /* ArcheryPoints.app */,
			);
			name = Products;
			sourceTree = "<group>";
		};
		9BA535372965C5FC00C5F2DB /* ArcheryPoints */ = {
			isa = PBXGroup;
			children = (
				9BA535382965C5FC00C5F2DB /* AppDelegate.swift */,
				9BA5353A2965C5FC00C5F2DB /* SceneDelegate.swift */,
				9BA5353C2965C5FC00C5F2DB /* ViewController.swift */,
				9BA5353E2965C5FC00C5F2DB /* Main.storyboard */,
				9BA535442965C5FD00C5F2DB /* Assets.xcassets */,
				9BA535462965C5FD00C5F2DB /* LaunchScreen.storyboard */,
				9BA535492965C5FD00C5F2DB /* Info.plist */,
				9BA535412965C5FC00C5F2DB /* ArcheryPoints.xcdatamodeld */,
			);
			path = ArcheryPoints;
			sourceTree = "<group>";
		};
/* End PBXGroup section */

/* Begin PBXNativeTarget section */
		9BA535342965C5FC00C5F2DB /* ArcheryPoints */ = {
			isa = PBXNativeTarget;
			buildConfigurationList = 9BA5354C2965C5FD00C5F2DB /* Build configuration list for PBXNativeTarget "ArcheryPoints" */;
			buildPhases = (
				9BA535312965C5FC00C5F2DB /* Sources */,
				9BA535322965C5FC00C5F2DB /* Frameworks */,
				9BA535332965C5FC00C5F2DB /* Resources */,
			);
			buildRules = (
			);
			dependencies = (
			);
			name = ArcheryPoints;
			productName = ArcheryPoints;
			productReference = 9BA535352965C5FC00C5F2DB /* ArcheryPoints.app */;
			productType = "com.apple.product-type.application";
		};
/* End PBXNativeTarget section */

/* Begin PBXProject section */
		9BA5352D2965C5FC00C5F2DB /* Project object */ = {
			isa = PBXProject;
			attributes = {
				BuildIndependentTargetsInParallel = 1;
				LastSwiftUpdateCheck = 1400;
				LastUpgradeCheck = 1400;
				TargetAttributes = {
					9BA535342965C5FC00C5F2DB = {
						CreatedOnToolsVersion = 14.0.1;
					};
				};
			};
			buildConfigurationList = 9BA535302965C5FC00C5F2DB /* Build configuration list for PBXProject "ArcheryPoints" */;
			compatibilityVersion = "Xcode 14.0";
			developmentRegion = en;
			hasScannedForEncodings = 0;
			knownRegions = (
				en,
				Base,
			);
			mainGroup = 9BA5352C2965C5FC00C5F2DB;
			productRefGroup = 9BA535362965C5FC00C5F2DB /* Products */;
			projectDirPath = "";
			projectRoot = "";
			targets = (
				9BA535342965C5FC00C5F2DB /* ArcheryPoints */,
			);
		};
/* End PBXProject section */

/* Begin PBXResourcesBuildPhase section */
		9BA535332965C5FC00C5F2DB /* Resources */ = {
			isa = PBXResourcesBuildPhase;
			buildActionMask = 2147483647;
			files = (
				9BA535482965C5FD00C5F2DB /* LaunchScreen.storyboard in Resources */,
				9BA535452965C5FD00C5F2DB /* Assets.xcassets in Resources */,
				9BA535402965C5FC00C5F2DB /* Main.storyboard in Resources */,
			);
			runOnlyForDeploymentPostprocessing = 0;
		};
/* End PBXResourcesBuildPhase section */

/* Begin PBXSourcesBuildPhase section */
		9BA535312965C5FC00C5F2DB /* Sources */ = {
			isa = PBXSourcesBuildPhase;
			buildActionMask = 2147483647;
			files = (
				9BA5353D2965C5FC00C5F2DB /* ViewController.swift in Sources */,
				9BA535432965C5FC00C5F2DB /* ArcheryPoints.xcdatamodeld in Sources */,
				9BA535392965C5FC00C5F2DB /* AppDelegate.swift in Sources */,
				9BA5353B2965C5FC00C5F2DB /* SceneDelegate.swift in Sources */,
				9B2270222966FCBD0044E6DF /* ResultPoint+CoreDataClass.swift in Sources */,
				9B227027296702BC0044E6DF /* CoreDataManager.swift in Sources */,
				9B2270232966FCBD0044E6DF /* ResultPoint+CoreDataProperties.swift in Sources */,
			);
			runOnlyForDeploymentPostprocessing = 0;
		};
/* End PBXSourcesBuildPhase section */

/* Begin PBXVariantGroup section */
		9BA5353E2965C5FC00C5F2DB /* Main.storyboard */ = {
			isa = PBXVariantGroup;
			children = (
				9BA5353F2965C5FC00C5F2DB /* Base */,
			);
			name = Main.storyboard;
			sourceTree = "<group>";
		};
		9BA535462965C5FD00C5F2DB /* LaunchScreen.storyboard */ = {
			isa = PBXVariantGroup;
			children = (
				9BA535472965C5FD00C5F2DB /* Base */,
			);
			name = LaunchScreen.storyboard;
			sourceTree = "<group>";
		};
/* End PBXVariantGroup section */

/* Begin XCBuildConfiguration section */
		9BA5354A2965C5FD00C5F2DB /* Debug */ = {
			isa = XCBuildConfiguration;
			buildSettings = {
				ALWAYS_SEARCH_USER_PATHS = NO;
				CLANG_ANALYZER_NONNULL = YES;
				CLANG_ANALYZER_NUMBER_OBJECT_CONVERSION = YES_AGGRESSIVE;
				CLANG_CXX_LANGUAGE_STANDARD = "gnu++20";
				CLANG_ENABLE_MODULES = YES;
				CLANG_ENABLE_OBJC_ARC = YES;
				CLANG_ENABLE_OBJC_WEAK = YES;
				CLANG_WARN_BLOCK_CAPTURE_AUTORELEASING = YES;
				CLANG_WARN_BOOL_CONVERSION = YES;
				CLANG_WARN_COMMA = YES;
				CLANG_WARN_CONSTANT_CONVERSION = YES;
				CLANG_WARN_DEPRECATED_OBJC_IMPLEMENTATIONS = YES;
				CLANG_WARN_DIRECT_OBJC_ISA_USAGE = YES_ERROR;
				CLANG_WARN_DOCUMENTATION_COMMENTS = YES;
				CLANG_WARN_EMPTY_BODY = YES;
				CLANG_WARN_ENUM_CONVERSION = YES;
				CLANG_WARN_INFINITE_RECURSION = YES;
				CLANG_WARN_INT_CONVERSION = YES;
				CLANG_WARN_NON_LITERAL_NULL_CONVERSION = YES;
				CLANG_WARN_OBJC_IMPLICIT_RETAIN_SELF = YES;
				CLANG_WARN_OBJC_LITERAL_CONVERSION = YES;
				CLANG_WARN_OBJC_ROOT_CLASS = YES_ERROR;
				CLANG_WARN_QUOTED_INCLUDE_IN_FRAMEWORK_HEADER = YES;
				CLANG_WARN_RANGE_LOOP_ANALYSIS = YES;
				CLANG_WARN_STRICT_PROTOTYPES = YES;
				CLANG_WARN_SUSPICIOUS_MOVE = YES;
				CLANG_WARN_UNGUARDED_AVAILABILITY = YES_AGGRESSIVE;
				CLANG_WARN_UNREACHABLE_CODE = YES;
				CLANG_WARN__DUPLICATE_METHOD_MATCH = YES;
				COPY_PHASE_STRIP = NO;
				DEBUG_INFORMATION_FORMAT = dwarf;
				ENABLE_STRICT_OBJC_MSGSEND = YES;
				ENABLE_TESTABILITY = YES;
				GCC_C_LANGUAGE_STANDARD = gnu11;
				GCC_DYNAMIC_NO_PIC = NO;
				GCC_NO_COMMON_BLOCKS = YES;
				GCC_OPTIMIZATION_LEVEL = 0;
				GCC_PREPROCESSOR_DEFINITIONS = (
					"DEBUG=1",
					"$(inherited)",
				);
				GCC_WARN_64_TO_32_BIT_CONVERSION = YES;
				GCC_WARN_ABOUT_RETURN_TYPE = YES_ERROR;
				GCC_WARN_UNDECLARED_SELECTOR = YES;
				GCC_WARN_UNINITIALIZED_AUTOS = YES_AGGRESSIVE;
				GCC_WARN_UNUSED_FUNCTION = YES;
				GCC_WARN_UNUSED_VARIABLE = YES;
				IPHONEOS_DEPLOYMENT_TARGET = 16.0;
				MTL_ENABLE_DEBUG_INFO = INCLUDE_SOURCE;
				MTL_FAST_MATH = YES;
				ONLY_ACTIVE_ARCH = YES;
				SDKROOT = iphoneos;
				SWIFT_ACTIVE_COMPILATION_CONDITIONS = DEBUG;
				SWIFT_OPTIMIZATION_LEVEL = "-Onone";
			};
			name = Debug;
		};
		9BA5354B2965C5FD00C5F2DB /* Release */ = {
			isa = XCBuildConfiguration;
			buildSettings = {
				ALWAYS_SEARCH_USER_PATHS = NO;
				CLANG_ANALYZER_NONNULL = YES;
				CLANG_ANALYZER_NUMBER_OBJECT_CONVERSION = YES_AGGRESSIVE;
				CLANG_CXX_LANGUAGE_STANDARD = "gnu++20";
				CLANG_ENABLE_MODULES = YES;
				CLANG_ENABLE_OBJC_ARC = YES;
				CLANG_ENABLE_OBJC_WEAK = YES;
				CLANG_WARN_BLOCK_CAPTURE_AUTORELEASING = YES;
				CLANG_WARN_BOOL_CONVERSION = YES;
				CLANG_WARN_COMMA = YES;
				CLANG_WARN_CONSTANT_CONVERSION = YES;
				CLANG_WARN_DEPRECATED_OBJC_IMPLEMENTATIONS = YES;
				CLANG_WARN_DIRECT_OBJC_ISA_USAGE = YES_ERROR;
				CLANG_WARN_DOCUMENTATION_COMMENTS = YES;
				CLANG_WARN_EMPTY_BODY = YES;
				CLANG_WARN_ENUM_CONVERSION = YES;
				CLANG_WARN_INFINITE_RECURSION = YES;
				CLANG_WARN_INT_CONVERSION = YES;
				CLANG_WARN_NON_LITERAL_NULL_CONVERSION = YES;
				CLANG_WARN_OBJC_IMPLICIT_RETAIN_SELF = YES;
				CLANG_WARN_OBJC_LITERAL_CONVERSION = YES;
				CLANG_WARN_OBJC_ROOT_CLASS = YES_ERROR;
				CLANG_WARN_QUOTED_INCLUDE_IN_FRAMEWORK_HEADER = YES;
				CLANG_WARN_RANGE_LOOP_ANALYSIS = YES;
				CLANG_WARN_STRICT_PROTOTYPES = YES;
				CLANG_WARN_SUSPICIOUS_MOVE = YES;
				CLANG_WARN_UNGUARDED_AVAILABILITY = YES_AGGRESSIVE;
				CLANG_WARN_UNREACHABLE_CODE = YES;
				CLANG_WARN__DUPLICATE_METHOD_MATCH = YES;
				COPY_PHASE_STRIP = NO;
				DEBUG_INFORMATION_FORMAT = "dwarf-with-dsym";
				ENABLE_NS_ASSERTIONS = NO;
				ENABLE_STRICT_OBJC_MSGSEND = YES;
				GCC_C_LANGUAGE_STANDARD = gnu11;
				GCC_NO_COMMON_BLOCKS = YES;
				GCC_WARN_64_TO_32_BIT_CONVERSION = YES;
				GCC_WARN_ABOUT_RETURN_TYPE = YES_ERROR;
				GCC_WARN_UNDECLARED_SELECTOR = YES;
				GCC_WARN_UNINITIALIZED_AUTOS = YES_AGGRESSIVE;
				GCC_WARN_UNUSED_FUNCTION = YES;
				GCC_WARN_UNUSED_VARIABLE = YES;
				IPHONEOS_DEPLOYMENT_TARGET = 16.0;
				MTL_ENABLE_DEBUG_INFO = NO;
				MTL_FAST_MATH = YES;
				SDKROOT = iphoneos;
				SWIFT_COMPILATION_MODE = wholemodule;
				SWIFT_OPTIMIZATION_LEVEL = "-O";
				VALIDATE_PRODUCT = YES;
			};
			name = Release;
		};
		9BA5354D2965C5FD00C5F2DB /* Debug */ = {
			isa = XCBuildConfiguration;
			buildSettings = {
				ASSETCATALOG_COMPILER_APPICON_NAME = AppIcon;
				ASSETCATALOG_COMPILER_GLOBAL_ACCENT_COLOR_NAME = AccentColor;
				CODE_SIGN_STYLE = Automatic;
				CURRENT_PROJECT_VERSION = 1;
				DEVELOPMENT_TEAM = GX86CHN34S;
				GENERATE_INFOPLIST_FILE = YES;
				INFOPLIST_FILE = ArcheryPoints/Info.plist;
				INFOPLIST_KEY_UIApplicationSupportsIndirectInputEvents = YES;
				INFOPLIST_KEY_UILaunchStoryboardName = LaunchScreen;
				INFOPLIST_KEY_UIMainStoryboardFile = Main;
				INFOPLIST_KEY_UISupportedInterfaceOrientations_iPad = "UIInterfaceOrientationPortrait UIInterfaceOrientationPortraitUpsideDown UIInterfaceOrientationLandscapeLeft UIInterfaceOrientationLandscapeRight";
				INFOPLIST_KEY_UISupportedInterfaceOrientations_iPhone = "UIInterfaceOrientationPortrait UIInterfaceOrientationLandscapeLeft UIInterfaceOrientationLandscapeRight";
				LD_RUNPATH_SEARCH_PATHS = (
					"$(inherited)",
					"@executable_path/Frameworks",
				);
				MARKETING_VERSION = 1.0;
				PRODUCT_BUNDLE_IDENTIFIER = "Kutasov-Evgenii.ArcheryPoints";
				PRODUCT_NAME = "$(TARGET_NAME)";
				SWIFT_EMIT_LOC_STRINGS = YES;
				SWIFT_VERSION = 5.0;
				TARGETED_DEVICE_FAMILY = "1,2";
			};
			name = Debug;
		};
		9BA5354E2965C5FD00C5F2DB /* Release */ = {
			isa = XCBuildConfiguration;
			buildSettings = {
				ASSETCATALOG_COMPILER_APPICON_NAME = AppIcon;
				ASSETCATALOG_COMPILER_GLOBAL_ACCENT_COLOR_NAME = AccentColor;
				CODE_SIGN_STYLE = Automatic;
				CURRENT_PROJECT_VERSION = 1;
				DEVELOPMENT_TEAM = GX86CHN34S;
				GENERATE_INFOPLIST_FILE = YES;
				INFOPLIST_FILE = ArcheryPoints/Info.plist;
				INFOPLIST_KEY_UIApplicationSupportsIndirectInputEvents = YES;
				INFOPLIST_KEY_UILaunchStoryboardName = LaunchScreen;
				INFOPLIST_KEY_UIMainStoryboardFile = Main;
				INFOPLIST_KEY_UISupportedInterfaceOrientations_iPad = "UIInterfaceOrientationPortrait UIInterfaceOrientationPortraitUpsideDown UIInterfaceOrientationLandscapeLeft UIInterfaceOrientationLandscapeRight";
				INFOPLIST_KEY_UISupportedInterfaceOrientations_iPhone = "UIInterfaceOrientationPortrait UIInterfaceOrientationLandscapeLeft UIInterfaceOrientationLandscapeRight";
				LD_RUNPATH_SEARCH_PATHS = (
					"$(inherited)",
					"@executable_path/Frameworks",
				);
				MARKETING_VERSION = 1.0;
				PRODUCT_BUNDLE_IDENTIFIER = "Kutasov-Evgenii.ArcheryPoints";
				PRODUCT_NAME = "$(TARGET_NAME)";
				SWIFT_EMIT_LOC_STRINGS = YES;
				SWIFT_VERSION = 5.0;
				TARGETED_DEVICE_FAMILY = "1,2";
			};
			name = Release;
		};
/* End XCBuildConfiguration section */

/* Begin XCConfigurationList section */
		9BA535302965C5FC00C5F2DB /* Build configuration list for PBXProject "ArcheryPoints" */ = {
			isa = XCConfigurationList;
			buildConfigurations = (
				9BA5354A2965C5FD00C5F2DB /* Debug */,
				9BA5354B2965C5FD00C5F2DB /* Release */,
			);
			defaultConfigurationIsVisible = 0;
			defaultConfigurationName = Release;
		};
		9BA5354C2965C5FD00C5F2DB /* Build configuration list for PBXNativeTarget "ArcheryPoints" */ = {
			isa = XCConfigurationList;
			buildConfigurations = (
				9BA5354D2965C5FD00C5F2DB /* Debug */,
				9BA5354E2965C5FD00C5F2DB /* Release */,
			);
			defaultConfigurationIsVisible = 0;
			defaultConfigurationName = Release;
		};
/* End XCConfigurationList section */

/* Begin XCVersionGroup section */
		9BA535412965C5FC00C5F2DB /* ArcheryPoints.xcdatamodeld */ = {
			isa = XCVersionGroup;
			children = (
				9BA535422965C5FC00C5F2DB /* ArcheryPoints.xcdatamodel */,
			);
			currentVersion = 9BA535422965C5FC00C5F2DB /* ArcheryPoints.xcdatamodel */;
			path = ArcheryPoints.xcdatamodeld;
			sourceTree = "<group>";
			versionGroupType = wrapper.xcdatamodel;
		};
/* End XCVersionGroup section */
	};
	rootObject = 9BA5352D2965C5FC00C5F2DB /* Project object */;
}
